
Microsoft Visual Studio Solution File, Format Version 12.00
# Visual Studio 15
VisualStudioVersion = 15.0.26730.15
MinimumVisualStudioVersion = 10.0.40219.1
Project("{FAE04EC0-301F-11D3-BF4B-00C04F79EFBC}") = "WalletCreator", "WalletCreator\WalletCreator.csproj", "{999468F3-7597-4402-A559-DC8ECE2045E8}"
EndProject
Project("{2150E333-8FDC-42A3-9474-1A3956D46DE8}") = "Solution Items", "Solution Items", "{734D2656-8011-499C-AA91-6D50EF2F6BE6}"
	ProjectSection(SolutionItems) = preProject
		.gitignore = .gitignore
		README.md = README.md
	EndProjectSection
EndProject
Global
	GlobalSection(SolutionConfigurationPlatforms) = preSolution
		Debug|ARM = Debug|ARM
		Debug|x64 = Debug|x64
		Debug|x86 = Debug|x86
		Release|ARM = Release|ARM
		Release|x64 = Release|x64
		Release|x86 = Release|x86
	EndGlobalSection
	GlobalSection(ProjectConfigurationPlatforms) = postSolution
		{999468F3-7597-4402-A559-DC8ECE2045E8}.Debug|ARM.ActiveCfg = Debug|ARM
		{999468F3-7597-4402-A559-DC8ECE2045E8}.Debug|ARM.Build.0 = Debug|ARM
		{999468F3-7597-4402-A559-DC8ECE2045E8}.Debug|ARM.Deploy.0 = Debug|ARM
		{999468F3-7597-4402-A559-DC8ECE2045E8}.Debug|x64.ActiveCfg = Debug|x64
		{999468F3-7597-4402-A559-DC8ECE2045E8}.Debug|x64.Build.0 = Debug|x64
		{999468F3-7597-4402-A559-DC8ECE2045E8}.Debug|x64.Deploy.0 = Debug|x64
		{999468F3-7597-4402-A559-DC8ECE2045E8}.Debug|x86.ActiveCfg = Debug|x86
		{999468F3-7597-4402-A559-DC8ECE2045E8}.Debug|x86.Build.0 = Debug|x86
		{999468F3-7597-4402-A559-DC8ECE2045E8}.Debug|x86.Deploy.0 = Debug|x86
		{999468F3-7597-4402-A559-DC8ECE2045E8}.Release|ARM.ActiveCfg = Release|ARM
		{999468F3-7597-4402-A559-DC8ECE2045E8}.Release|ARM.Build.0 = Release|ARM
		{999468F3-7597-4402-A559-DC8ECE2045E8}.Release|ARM.Deploy.0 = Release|ARM
		{999468F3-7597-4402-A559-DC8ECE2045E8}.Release|x64.ActiveCfg = Release|x64
		{999468F3-7597-4402-A559-DC8ECE2045E8}.Release|x64.Build.0 = Release|x64
		{999468F3-7597-4402-A559-DC8ECE2045E8}.Release|x64.Deploy.0 = Release|x64
		{999468F3-7597-4402-A559-DC8ECE2045E8}.Release|x86.ActiveCfg = Release|x86
		{999468F3-7597-4402-A559-DC8ECE2045E8}.Release|x86.Build.0 = Release|x86
		{999468F3-7597-4402-A559-DC8ECE2045E8}.Release|x86.Deploy.0 = Release|x86
	EndGlobalSection
	GlobalSection(SolutionProperties) = preSolution
		HideSolutionNode = FALSE
	EndGlobalSection
	GlobalSection(ExtensibilityGlobals) = postSolution
		SolutionGuid = {8D742319-D7D0-4B6A-8B26-186FF6B8A374}
	EndGlobalSection
EndGlobal
